# THIS IS AN AUTOGENERATED FILE. DO NOT EDIT THIS FILE DIRECTLY.
# yarn lockfile v1


"@esbuild/android-arm64@0.17.13":
  version "0.17.13"
  resolved "https://registry.yarnpkg.com/@esbuild/android-arm64/-/android-arm64-0.17.13.tgz#88e5b6afe65ef3168b0eb6dc93fdb1b15f4653c9"
  integrity sha512-F5DgvJMV2ZEpLNpPCO7FEk1wy8O5tg6cikWSB6uvvncsgE1xgbPlm+Boio/4820C2/mj713X83X1h01v0qoeHg==

"@esbuild/android-arm@0.17.13":
  version "0.17.13"
  resolved "https://registry.yarnpkg.com/@esbuild/android-arm/-/android-arm-0.17.13.tgz#5a1cfd20453eb1c8a64602069d3e2187a2278b34"
  integrity sha512-5tZZ/hLIfBmt7E8JsE5KbsknoAFmoElkg+A/gjyPtmSQvJjPf+9GsSJihid8VMa08lrsYyaEXOT9RLh3xXQONw==

"@esbuild/android-x64@0.17.13":
  version "0.17.13"
  resolved "https://registry.yarnpkg.com/@esbuild/android-x64/-/android-x64-0.17.13.tgz#4228fef54b7c9c0167693f634301648a9a35d7e4"
  integrity sha512-5m1UUslzpfVrumG3m3Zv2x9VNAcvMOQWJy009y6jt10tcHpzIq2/b0I0k4fz0QYqGSNS1GteRIhVPN4H7OyCXg==

"@esbuild/darwin-arm64@0.17.13":
  version "0.17.13"
  resolved "https://registry.yarnpkg.com/@esbuild/darwin-arm64/-/darwin-arm64-0.17.13.tgz#83964a0ded926c1ef16f5329b80cf505d073e4da"
  integrity sha512-TXbXp/05r7heRsG8yWwbHw9diay+wXIyRNcIHFoNARRIGahYbTW/qwJzE37zkfxLIUPHgR/SyLTUlnTICg14ag==

"@esbuild/darwin-x64@0.17.13":
  version "0.17.13"
  resolved "https://registry.yarnpkg.com/@esbuild/darwin-x64/-/darwin-x64-0.17.13.tgz#330ad462247e5109079efbc1c782c981e584913f"
  integrity sha512-Ku9Db2sblCxFvQdEO7X9nBaLR/S81uch81e2Q2+Os5z1NcnsFjuqhIYH0Gm6KNNpIKaEbC7gCLbiIPbLLMX4Pg==

"@esbuild/freebsd-arm64@0.17.13":
  version "0.17.13"
  resolved "https://registry.yarnpkg.com/@esbuild/freebsd-arm64/-/freebsd-arm64-0.17.13.tgz#59ca41062922c759ad32421d93a6fa0e85290a6b"
  integrity sha512-t1T5/nIf2j+FdSf1Fa3dcU0cXycr0nK4xJe52qjWa+1I249mM5NBY1ODjiabZxZ0x3CG05y4fd9bxfDLy9kQtA==

"@esbuild/freebsd-x64@0.17.13":
  version "0.17.13"
  resolved "https://registry.yarnpkg.com/@esbuild/freebsd-x64/-/freebsd-x64-0.17.13.tgz#349b22850b18323690f90127117d83f351303a7b"
  integrity sha512-/zbkgEO4gY2qGZr9UNAGI38w/FwUY4bx4EC88k9VeiCKNr3ukNgwH/oIgB5Z9/OqpkNLlcS4w9e2d/MIiy5fbw==

"@esbuild/linux-arm64@0.17.13":
  version "0.17.13"
  resolved "https://registry.yarnpkg.com/@esbuild/linux-arm64/-/linux-arm64-0.17.13.tgz#92aa31b0ef1521506e14c27bb960f18eaee5c31f"
  integrity sha512-siu3QZrQ7eGrSttvFaRKyjT7kNRbUuHEKzCCyqRh19MbpGokGY13jbIsBEjx6JmH3T50hds325oweS9Ey2ihAQ==

"@esbuild/linux-arm@0.17.13":
  version "0.17.13"
  resolved "https://registry.yarnpkg.com/@esbuild/linux-arm/-/linux-arm-0.17.13.tgz#3ebbf4764c36f90e58a6342f67844f7628988faf"
  integrity sha512-RrhjzrCF6aCDH248nUAQoldnRmN7nHMxv85GOj5AH+qkxxYvcig7fnUmgANngntRu4btXhN9WKHMgQ5seERDMw==

"@esbuild/linux-ia32@0.17.13":
  version "0.17.13"
  resolved "https://registry.yarnpkg.com/@esbuild/linux-ia32/-/linux-ia32-0.17.13.tgz#7c10f44eed774d6e5ebe652af30e3703819314f6"
  integrity sha512-ADHA1PqP5gIegehVP0RvxMmNPxpLgetI8QCwYOjUheGXKIKWSdUN8ZS3rusQv3NGZmFCpYdMZzFoI0QtzzGAdw==

"@esbuild/linux-loong64@0.17.13":
  version "0.17.13"
  resolved "https://registry.yarnpkg.com/@esbuild/linux-loong64/-/linux-loong64-0.17.13.tgz#80def2d6b0f636deb915ca17353aed42c668e3f7"
  integrity sha512-n1JQPxETmR0brkpWlJHeohReEPLH+m00bnJdNnFyHN3zLBt1QypevuZSmnmFWsC+7r7HTwWILj3lBDjtPH3ydg==

"@esbuild/linux-mips64el@0.17.13":
  version "0.17.13"
  resolved "https://registry.yarnpkg.com/@esbuild/linux-mips64el/-/linux-mips64el-0.17.13.tgz#4d80d34c1ab79c57f5df819e45e555a695c840ab"
  integrity sha512-d0pnD/j5KKQ43xtSIvOD+wNIy6D/Vh9GbXVRa3u4zCyiJMYWjxkPkbBzlEgNjdDmUM+5gBFen9k7B8Xscy+Myg==

"@esbuild/linux-ppc64@0.17.13":
  version "0.17.13"
  resolved "https://registry.yarnpkg.com/@esbuild/linux-ppc64/-/linux-ppc64-0.17.13.tgz#7b668c77ecd58b499622e360400670a8a57697b8"
  integrity sha512-C9sMpa/VcGLjVtsT01sXtzZNS7bAZ+icUclkKkiUwBQ9hzT+J+/Xpj+EykI5hB3KgtxQVo4XUahanFoZNxbQ1g==

"@esbuild/linux-riscv64@0.17.13":
  version "0.17.13"
  resolved "https://registry.yarnpkg.com/@esbuild/linux-riscv64/-/linux-riscv64-0.17.13.tgz#b2b8cdb6a444e86dcbfb16cb3e5a99d7eaf75c41"
  integrity sha512-jYkc5EpNpvjccAHNYekiAtklusVGWftR0VVLtng7dJzDyy+5adAsf1fOG3LllP0WALxS55/w6boLE/728J/bXw==

"@esbuild/linux-s390x@0.17.13":
  version "0.17.13"
  resolved "https://registry.yarnpkg.com/@esbuild/linux-s390x/-/linux-s390x-0.17.13.tgz#38dd0677b876c29280785b18cafc1673961e7f8e"
  integrity sha512-4jAJI5O6E/hATL4lsrG2A+noDjZ377KlATVFKwV3SWaNHj+OvoXe/T84ScQIXEtPI7ndJyLkMYruXj8RR5Ilyw==

"@esbuild/linux-x64@0.17.13":
  version "0.17.13"
  resolved "https://registry.yarnpkg.com/@esbuild/linux-x64/-/linux-x64-0.17.13.tgz#0fed27e7dd7c5b00d9d53c3759a1fc3b6b1dec53"
  integrity sha512-eFLQhJq98qijGRcv9je/9M4Mz1suZ+pOtj62ArsLd0gubNGhhQDz6T30X2X3f1KZ8lkKkr+zN5vtZzx1GAMoFw==

"@esbuild/netbsd-x64@0.17.13":
  version "0.17.13"
  resolved "https://registry.yarnpkg.com/@esbuild/netbsd-x64/-/netbsd-x64-0.17.13.tgz#5db5d517bd6395e63452a59cd4b00c12eb584c3a"
  integrity sha512-F8PXDeT+3eQpPjf4bmNJapPLu0SKKlWRGPQvBQqVS+YDGoMKnyyYp2UENLFMV8zT7kS39zKxZRZvUL3fMz/7Ww==

"@esbuild/openbsd-x64@0.17.13":
  version "0.17.13"
  resolved "https://registry.yarnpkg.com/@esbuild/openbsd-x64/-/openbsd-x64-0.17.13.tgz#d2270dad94a50b78eb67360a85ad45212ac6783b"
  integrity sha512-9jWfzbFCnIZdHjNs+00KQHArUbp7kjQDNmiuqkwGOQFs67m4/dKNupBv2DP5hTqVlQY4tW4RG3qpb6Y3zOHJeA==

"@esbuild/sunos-x64@0.17.13":
  version "0.17.13"
  resolved "https://registry.yarnpkg.com/@esbuild/sunos-x64/-/sunos-x64-0.17.13.tgz#716382743f17c080b17a782346c33c976e10345e"
  integrity sha512-ALbOMlTIBkAVi6KqYjONa7u2oH95RN7OpetFqMtjufFLBiSaayRuwUzhs2yuR9CfGT4qi0jv6HQDav+EG314TQ==

"@esbuild/win32-arm64@0.17.13":
  version "0.17.13"
  resolved "https://registry.yarnpkg.com/@esbuild/win32-arm64/-/win32-arm64-0.17.13.tgz#e9527611f3c9d2c2be61c86d4eb9077c060cdb39"
  integrity sha512-FJBLYL4PkrZGeuHzEqme+0DjNetxkJ+XbB+Aoeow7aQ53JCwsA0/mo8sS5aPkDHgCnMkN4A5GLoFTlDj3BKDrQ==

"@esbuild/win32-ia32@0.17.13":
  version "0.17.13"
  resolved "https://registry.yarnpkg.com/@esbuild/win32-ia32/-/win32-ia32-0.17.13.tgz#f5a1f05254852a6f511af5e1a86afbda807fe8c8"
  integrity sha512-Qrvst9RkLz4qgi3hqswNliYuKW92/HGJnd7xLWkGaGPa8S4qsONf81FW0ebDc5iUHb0I7QJwQATutvghTabnFA==

"@esbuild/win32-x64@0.17.13":
  version "0.17.13"
  resolved "https://registry.yarnpkg.com/@esbuild/win32-x64/-/win32-x64-0.17.13.tgz#eca2698440d931b5a0fb8a5a29388c17adcb6bf5"
  integrity sha512-pZ/NIgz861XaUPlIkPFjP55nJ4PJa0o/CD4zgeRb1Q9FVE+8GvdB6ifJcK05jRhny5hKExhnRFIdgHmmCYH8vg==

"@mediapipe/camera_utils@^0.3.1675466862":
  version "0.3.1675466862"
  resolved "https://registry.yarnpkg.com/@mediapipe/camera_utils/-/camera_utils-0.3.1675466862.tgz#861051d4343325a7e838714fe72050df37c0cdd0"
  integrity sha512-siuXBoUxWo9WL0MeAxIxvxY04bvbtdNl7uCxoJxiAiRtNnCYrurr7Vl5VYQ94P7Sq0gVq6PxIDhWWeZ/pLnSzw==

"@mediapipe/control_utils@^0.6.1675466023":
  version "0.6.1675466023"
  resolved "https://registry.yarnpkg.com/@mediapipe/control_utils/-/control_utils-0.6.1675466023.tgz#76c514b535db319da02f0dddb8f8b8222bb7a560"
  integrity sha512-CB+L71vUJJSqvULGsZGfqkEiqywoCB898MiM6qWGrk8t5El0HVmHrQbsh2Gx3/N/V2xlYzoU43Wwr2FEAIFHzg==

"@mediapipe/control_utils_3d@^0.3.1675466062":
  version "0.3.1675466062"
  resolved "https://registry.yarnpkg.com/@mediapipe/control_utils_3d/-/control_utils_3d-0.3.1675466062.tgz#4bedab616c778cd64d963715b3907d043959b3c6"
  integrity sha512-g5EqLeES/tGozh/j4sqJNv4j8fC76JYP/ncxKwqi13Wo6ZKxx7JpKbaBFs+m05QcKKVll3HGsGOlZPWm6RAjlg==

"@mediapipe/drawing_utils@^0.3.1675466124":
  version "0.3.1675466124"
  resolved "https://registry.yarnpkg.com/@mediapipe/drawing_utils/-/drawing_utils-0.3.1675466124.tgz#40e9dd87ffaefc58aea7dac36a98cc917e0d90d0"
  integrity sha512-/IWIB/iYRMtiUKe3k7yGqvwseWHCOqzVpRDfMgZ6gv9z7EEimg6iZbRluoPbcNKHbYSxN5yOvYTzUYb8KVf22Q==

"@mediapipe/pose@^0.5.1675469404":
  version "0.5.1675469404"
  resolved "https://registry.yarnpkg.com/@mediapipe/pose/-/pose-0.5.1675469404.tgz#8f81e64c6561b2357a021a134b54de0204bafc72"
  integrity sha512-DFZsNWTsSphRIZppnUCuunzBiHP2FdJXR9ehc7mMi4KG+oPaOH0Em3d6kr7Py+TSyTXC1doH88KcF28k2sBxsQ==

"@pixi/accessibility@7.2.3":
  version "7.2.3"
  resolved "https://registry.yarnpkg.com/@pixi/accessibility/-/accessibility-7.2.3.tgz#865b57e3f02206c45f0d692cc32a3fed110ced7c"
  integrity sha512-uQ0JA/n1qF3UtWKF5nYnwH0X+qc23+jR4gzPuASrO8XlKQ/HmmiCs2vkUyJoA4vIXtyBmFxPC5Tmfex69NwnSQ==

"@pixi/app@7.2.3":
  version "7.2.3"
  resolved "https://registry.yarnpkg.com/@pixi/app/-/app-7.2.3.tgz#8c1c22d2fba707426b171c9f0493be5630e38f1a"
  integrity sha512-KK2KDozY987VPaMuXuL2q9vfJLZInxgITFi9QxEzcGxD4WWvVIdLBPOv3m18sB8i3HTafJb/b6x3n6/7RNhzEA==

"@pixi/assets@7.2.3":
  version "7.2.3"
  resolved "https://registry.yarnpkg.com/@pixi/assets/-/assets-7.2.3.tgz#13091db526162de2d9d892f18b6214a7f115368a"
  integrity sha512-hgekRX8ujawwOoysm+QPOP50yyn9UnQOnWzzZPzm6TYQ9hg6zyCpV9ycP0szhzDGGz0haqOj23pA2A2fE2ENIQ==
  dependencies:
    "@types/css-font-loading-module" "^0.0.7"

"@pixi/color@7.2.3":
  version "7.2.3"
  resolved "https://registry.yarnpkg.com/@pixi/color/-/color-7.2.3.tgz#663787be08942d4c52db387ba8d8be2544c7ceb1"
  integrity sha512-xhU2Hzuou9DhmQCvUPR5ZuoqAM6hV6OuuW2qk8aIKjFDrvtcTvwPHU3nLpIBNvRcEqkDBV5whBvaMTjjD/G1Cw==
  dependencies:
    colord "^2.9.3"

"@pixi/compressed-textures@7.2.3":
  version "7.2.3"
  resolved "https://registry.yarnpkg.com/@pixi/compressed-textures/-/compressed-textures-7.2.3.tgz#a5ec15ffcb42ff3b3b48d2bb0d1d04419f8f30c7"
  integrity sha512-yfbJlldX5LMYcwmDqW1RpZGHKSDuBUFvFe8+m1hq58GTQUW0Z7gtltr2nJJS0+tj65AETVzaXpKocd4auHLvPQ==

"@pixi/constants@7.2.3":
  version "7.2.3"
  resolved "https://registry.yarnpkg.com/@pixi/constants/-/constants-7.2.3.tgz#42604d2c08b30ee9aeadf7b2a4b9a79f4bee92b9"
  integrity sha512-Qo4IiAOvlxH8ci/GoR83NwM5KtaLLKQIoJTj6oG9D+ZJfy062t6040HgmZr/k0+6jqTESbWpH+J/LE7K9AIiQw==

"@pixi/core@7.2.3":
  version "7.2.3"
  resolved "https://registry.yarnpkg.com/@pixi/core/-/core-7.2.3.tgz#058434142280e66dc4dcc411a189bae287fdb317"
  integrity sha512-nQT4YFM4BwjBmW69tTLDJuP6qxodTR1QKnOxTugSkwnJoi0xyiXILryF/AVHqnPDYvdJ9iuORnVRcEuQfk436Q==
  dependencies:
    "@pixi/color" "7.2.3"
    "@pixi/constants" "7.2.3"
    "@pixi/extensions" "7.2.3"
    "@pixi/math" "7.2.3"
    "@pixi/runner" "7.2.3"
    "@pixi/settings" "7.2.3"
    "@pixi/ticker" "7.2.3"
    "@pixi/utils" "7.2.3"
    "@types/offscreencanvas" "^2019.6.4"

"@pixi/display@7.2.3":
  version "7.2.3"
  resolved "https://registry.yarnpkg.com/@pixi/display/-/display-7.2.3.tgz#da06c3bbe4a0ba5fbb6bf587570b602d8ae99a46"
  integrity sha512-bJGH9YpMCWCKKBNJ0Qkqg4BeprXx+tb0Dp1sxbWuqtgkWRHDmgMYZp55W6iZgrCq7ucW2rWXoZus4PWRM6BvZQ==

"@pixi/events@7.2.3":
  version "7.2.3"
  resolved "https://registry.yarnpkg.com/@pixi/events/-/events-7.2.3.tgz#9e2236156f041a61b01bf0962c0af54a9d4e88f2"
  integrity sha512-+XKBEr3ZULdYlov0up7PrcwJ9+cDvI2y+S+2xWMR9EmKTKgsCfAF3WNh1EfDM8Eixa+5FXvHceepBbyIbH7lTw==

"@pixi/extensions@7.2.3":
  version "7.2.3"
  resolved "https://registry.yarnpkg.com/@pixi/extensions/-/extensions-7.2.3.tgz#e57f8b0969a811f196d712bd3feb08b1c999add1"
  integrity sha512-HpNk531MEbIQtukGCuKI8JWhHTFL1wE8NMOQvtk1stJHZ19clLowHR8sTGnJhSfSWKcAF35u5vmTje5t5VvELQ==

"@pixi/extract@7.2.3":
  version "7.2.3"
  resolved "https://registry.yarnpkg.com/@pixi/extract/-/extract-7.2.3.tgz#b6b0349723df7a6a6acf200248c62bf87b7ddfcb"
  integrity sha512-TpZ8YGw3KiIjjX6HaW3yCdBKz+oANyQlla3d+GXckYuHGt50JyOtRN2ZjcGVYjNk9pDuPpSCIHOMqrB5rWO4ow==

"@pixi/filter-alpha@7.2.3":
  version "7.2.3"
  resolved "https://registry.yarnpkg.com/@pixi/filter-alpha/-/filter-alpha-7.2.3.tgz#e6fcbd9c0cfe0ef93251c15276bc465cdb18e5f2"
  integrity sha512-u7ipPjrLvJt0oB+s5O/SxsF/JOCo3QVZjqIaeD4LGKMaTcthzw/LS3K/5Lw+Vwz2hfVbrhgJRQMqaxAHRNzM1g==

"@pixi/filter-blur@7.2.3":
  version "7.2.3"
  resolved "https://registry.yarnpkg.com/@pixi/filter-blur/-/filter-blur-7.2.3.tgz#2de8eb029ac164de42764717979f79781815bcad"
  integrity sha512-CFGkb4tzhIVK4y18ZRERkBafV2NPI4mKXMFy3ThnmJNl20fuXt+F/7Qlnnhq2IFo9HhNlxW5hJCAOXodabX01Q==

"@pixi/filter-color-matrix@7.2.3":
  version "7.2.3"
  resolved "https://registry.yarnpkg.com/@pixi/filter-color-matrix/-/filter-color-matrix-7.2.3.tgz#8b295755cd4a311b64aff98d1170f20e69eabac3"
  integrity sha512-5oJ9LAXvQUDmcd/JNW42v8njdqgScGKzHiqaQL4oo37o80oiVaLbr9Kp3Q3LTmqM+7YzM0K2Mc7BjlBJMDlWjg==

"@pixi/filter-displacement@7.2.3":
  version "7.2.3"
  resolved "https://registry.yarnpkg.com/@pixi/filter-displacement/-/filter-displacement-7.2.3.tgz#801001b3991484be1ed61ae0e23d530e508b9eaa"
  integrity sha512-HZnEFgLAai4ycMVZ8HHGokFIc+tZfy2MYTiQBUDlgCkZjV5UGswjcOrKsbJRcICcTHg8zeAlt8VyHyk0Ct57VQ==

"@pixi/filter-fxaa@7.2.3":
  version "7.2.3"
  resolved "https://registry.yarnpkg.com/@pixi/filter-fxaa/-/filter-fxaa-7.2.3.tgz#fb94ea95891ef74c7ce4a22dce3bb8e6bf63db0e"
  integrity sha512-bhWXxp3uV4zIz+DHH18/eXy3YcYr7PtY5XuyEVslKpYCi43Vy/ztZg3o24GBVC9r+8TDRiouDpo+6J0CclOIqQ==

"@pixi/filter-noise@7.2.3":
  version "7.2.3"
  resolved "https://registry.yarnpkg.com/@pixi/filter-noise/-/filter-noise-7.2.3.tgz#9ddee40cb3df60fd761c6567acd725b2968c4f55"
  integrity sha512-ITHGobXsuM9pCwroJg1xNiULD0r3au4wqpRLXNOeqK7nWbUK3dP7/t9oIxon8RWVHMnVQeIk7zEGskqGaaLMCw==

"@pixi/graphics@7.2.3":
  version "7.2.3"
  resolved "https://registry.yarnpkg.com/@pixi/graphics/-/graphics-7.2.3.tgz#c34fc569e30cf3b14826db80cb889387a391f77c"
  integrity sha512-WHMRUSQNDaIT+pg/HD8VJQxs5PvazxRHMyCdmbl4TeaTj5H1w7njGvqtmD0RJshy52/PXbCEyTAkg3xKdrl60g==

"@pixi/math@7.2.3":
  version "7.2.3"
  resolved "https://registry.yarnpkg.com/@pixi/math/-/math-7.2.3.tgz#1c22010dd2ec3206ce29717836c8e7926e07216e"
  integrity sha512-aZgI5bz0aiKHh8X0a/sIKaWU78/tcpxpVfPt4IXYB/Yj4cskSwFoYS7a4kSv3s1bprpK/54hJK9x4RmHb/VPhQ==

"@pixi/mesh-extras@7.2.3":
  version "7.2.3"
  resolved "https://registry.yarnpkg.com/@pixi/mesh-extras/-/mesh-extras-7.2.3.tgz#9b6b3e01bcc103a5abe7f0af7de9a38fa9f9b6db"
  integrity sha512-Fa3E/wl6IJdbiQsiLDCEDUDq/jmFJJEgPLXMClm+56Av6L0BbvkZvf1eO1mdhbT4V7EFLPnqbE5S/wZBYeomEg==

"@pixi/mesh@7.2.3":
  version "7.2.3"
  resolved "https://registry.yarnpkg.com/@pixi/mesh/-/mesh-7.2.3.tgz#eeaec589b3644efc5abf259c448a336bce82bb1e"
  integrity sha512-5y329KPWDSiTZUj+4A/bhIpckgXPonAKUNnMjZgnX70zvuqVus59OCV8QC2NoJqSMUxgJbcntRx5lkb81NUWXQ==

"@pixi/mixin-cache-as-bitmap@7.2.3":
  version "7.2.3"
  resolved "https://registry.yarnpkg.com/@pixi/mixin-cache-as-bitmap/-/mixin-cache-as-bitmap-7.2.3.tgz#c7792508d24f037f35e07b34555f9ea1d0fd0ecd"
  integrity sha512-6MQv4L8IffsWtWQgqSu6ib1HAMi3kC0cHaCME4sbhEjPqNysJDpPvI3riS8bg7R4NCSPrCNr9Uoq18zNfLHcVw==

"@pixi/mixin-get-child-by-name@7.2.3":
  version "7.2.3"
  resolved "https://registry.yarnpkg.com/@pixi/mixin-get-child-by-name/-/mixin-get-child-by-name-7.2.3.tgz#cc062cf533df92252c2c04ff54b276d4b889989e"
  integrity sha512-UnS0lGSb64SwrCXeJ1KwgDOPimQlHFNpBxQ1/R4aS/gIxkdibP1sYSoJ0Hed6t161XnTb4meQefoOMmNVA9xrg==

"@pixi/mixin-get-global-position@7.2.3":
  version "7.2.3"
  resolved "https://registry.yarnpkg.com/@pixi/mixin-get-global-position/-/mixin-get-global-position-7.2.3.tgz#fbaad3517c52da2da86321f8c2f055f9316f4324"
  integrity sha512-igWb2Uj89Bk+NopcWD5mFnWMQHFgb2CQ3jct+QNljxyDscX2soK5YA8sscCKl3mnwpVlN/OSrMlvaw2IiACytg==

"@pixi/particle-container@7.2.3":
  version "7.2.3"
  resolved "https://registry.yarnpkg.com/@pixi/particle-container/-/particle-container-7.2.3.tgz#961db0248b9fd734d77ed663ba86f317d5e5233b"
  integrity sha512-wrKQrCvpv3qytd5tGB1nhkE9euZDH9uqbze3o1BOwfdA3GzACgqpKVEh8DaoTv4cCQC3mpPa5g76+/yutFskEg==

"@pixi/prepare@7.2.3":
  version "7.2.3"
  resolved "https://registry.yarnpkg.com/@pixi/prepare/-/prepare-7.2.3.tgz#ec929e2e656e72726139ace91f507c8c035ef881"
  integrity sha512-CGz+th/MumXfaC7CjZSkSvz25lLUpmS4dIJiO6MSCqv8w8kMzNnr5T858Za5p7pYRv0e0M5JHRBs7+9WMXKrOA==

"@pixi/runner@7.2.3":
  version "7.2.3"
  resolved "https://registry.yarnpkg.com/@pixi/runner/-/runner-7.2.3.tgz#0e6833c324321058d271cbdcf279f45c45c25675"
  integrity sha512-VME2Mb4esuen6GAYt7fRKmZuiOX84QU3uPtUx8vPM6oSz2Mm8/RAVHoei9aTjBMXBzOxa/tvxeV4R0L6qYUggg==

"@pixi/settings@7.2.3":
  version "7.2.3"
  resolved "https://registry.yarnpkg.com/@pixi/settings/-/settings-7.2.3.tgz#d7e3ec8dd0031a038728e4fe0237e5a7f4b48323"
  integrity sha512-6igzYiVCQ/zxwMGvSMTuZ517Obf3GuXXgXUD0Gyp/gh7IB3w1yq0Zw8A8s3TyjIH1CWlGiXbcsV9R8GZnXsc3g==
  dependencies:
    "@pixi/constants" "7.2.3"
    "@types/css-font-loading-module" "^0.0.7"
    ismobilejs "^1.1.0"

"@pixi/sprite-animated@7.2.3":
  version "7.2.3"
  resolved "https://registry.yarnpkg.com/@pixi/sprite-animated/-/sprite-animated-7.2.3.tgz#36f7874fd9c2b9bb7474bd0ab433987912d610a7"
  integrity sha512-JMwOXjctJ++UWTnvcaVfEmv0xeG9T8luBcLfEexV4iFz3gsZkQpHzoeVC69w5rO3SAw6x3RVz0jGAJyHDfTdBQ==

"@pixi/sprite-tiling@7.2.3":
  version "7.2.3"
  resolved "https://registry.yarnpkg.com/@pixi/sprite-tiling/-/sprite-tiling-7.2.3.tgz#bcb47d7d505878abfcd8badcdbdebb76f38124ef"
  integrity sha512-pzwbgoFcKFcb7c/SV2MBilUa/8P/j44yWKnrwtdDJihWl0+ObhWQhlWWVE+89cJveeI0qKNCMVHJGvVgg60l/g==

"@pixi/sprite@7.2.3":
  version "7.2.3"
  resolved "https://registry.yarnpkg.com/@pixi/sprite/-/sprite-7.2.3.tgz#ea9e5c67f2367c018e9b09859c9cc7994b8018a7"
  integrity sha512-NsprxlVBgBWTucL7XdJZ22zkhvqxnuVPLTRSL6KciGx8ZsQfmJCEsS3+jmbXQ5H8zkKFviVHYjx5T5qup5KILQ==

"@pixi/spritesheet@7.2.3":
  version "7.2.3"
  resolved "https://registry.yarnpkg.com/@pixi/spritesheet/-/spritesheet-7.2.3.tgz#e11f0a5797897c5f31c723e94fb68fab8df2b835"
  integrity sha512-V6WML/vUIDXP2BaaiVyzmeP1nBZS61/G6AySRIeLQJajF8oS/bJA92yYdHjyW2nTF6iAzlLJRYfYwMJRe0Dmkw==

"@pixi/text-bitmap@7.2.3":
  version "7.2.3"
  resolved "https://registry.yarnpkg.com/@pixi/text-bitmap/-/text-bitmap-7.2.3.tgz#ea8a356fe5328018c17d45006a8ec659ee798827"
  integrity sha512-25jiR3TkMtunuO3pIWg6gDDR3LD4KASaKaLssF6TKTUdqUbYNiS8EhH83T4jfUsu8S6b6NY34JDkQl6HFNqQSA==

"@pixi/text-html@7.2.3":
  version "7.2.3"
  resolved "https://registry.yarnpkg.com/@pixi/text-html/-/text-html-7.2.3.tgz#b46985c7be710c8dc5bd99194ba5fde558aabcb6"
  integrity sha512-bSf51sh1K17jZfARa/AhsDGFabSI0sMUnqw14z7Z4bUUPCCK/mNKCJS8Cqf0/U+Fow3/N0luef1qFZentxM6ag==

"@pixi/text@7.2.3":
  version "7.2.3"
  resolved "https://registry.yarnpkg.com/@pixi/text/-/text-7.2.3.tgz#ec3f52d50532810cec2a7205314b7d200c44d842"
  integrity sha512-59/6oawcDfqnj3uom4pb5lFjMcPS3ybrZIX3ELJ4szit1K26kWKO67eBmVEnixIXH3KFsuo+RORixjaXD3259Q==

"@pixi/ticker@7.2.3":
  version "7.2.3"
  resolved "https://registry.yarnpkg.com/@pixi/ticker/-/ticker-7.2.3.tgz#0d0c8a2898c7bab48b127302c6ba4ff38fc033b9"
  integrity sha512-ad8v5PLG4Lyr1Botx65mh6SenQwnJWSjmYOgzzv320xQIim4l0dBIifB6np+Ro8hD0BTJ3Mc+AY9Q5SH9eU+7Q==
  dependencies:
    "@pixi/extensions" "7.2.3"
    "@pixi/settings" "7.2.3"
    "@pixi/utils" "7.2.3"

"@pixi/utils@7.2.3":
  version "7.2.3"
  resolved "https://registry.yarnpkg.com/@pixi/utils/-/utils-7.2.3.tgz#1be4106afe414463418e2dc375d82cc63c8aa31d"
  integrity sha512-LinLIRJs/h4ZKFz2G8mwjbApsQK6908zjTrHCnyvIxnAdHvkJiLbj6/HlaKZRFvk1JrCrXxtLUz9+DkCEpeq9A==
  dependencies:
    "@pixi/color" "7.2.3"
    "@pixi/constants" "7.2.3"
    "@pixi/settings" "7.2.3"
    "@types/earcut" "^2.1.0"
    earcut "^2.2.4"
    eventemitter3 "^4.0.0"
    url "^0.11.0"

"@types/css-font-loading-module@^0.0.7":
  version "0.0.7"
  resolved "https://registry.yarnpkg.com/@types/css-font-loading-module/-/css-font-loading-module-0.0.7.tgz#2f98ede46acc0975de85c0b7b0ebe06041d24601"
  integrity sha512-nl09VhutdjINdWyXxHWN/w9zlNCfr60JUqJbd24YXUuCwgeL0TpFSdElCwb6cxfB6ybE19Gjj4g0jsgkXxKv1Q==

"@types/earcut@^2.1.0":
  version "2.1.1"
  resolved "https://registry.yarnpkg.com/@types/earcut/-/earcut-2.1.1.tgz#573a0af609f17005c751f6f4ffec49cfe358ea51"
  integrity sha512-w8oigUCDjElRHRRrMvn/spybSMyX8MTkKA5Dv+tS1IE/TgmNZPqUYtvYBXGY8cieSE66gm+szeK+bnbxC2xHTQ==

"@types/offscreencanvas@^2019.6.4":
  version "2019.7.0"
  resolved "https://registry.yarnpkg.com/@types/offscreencanvas/-/offscreencanvas-2019.7.0.tgz#e4a932069db47bb3eabeb0b305502d01586fa90d"
  integrity sha512-PGcyveRIpL1XIqK8eBsmRBt76eFgtzuPiSTyKHZxnGemp2yzGzWpjYKAfK3wIMiU7eH+851yEpiuP8JZerTmWg==

colord@^2.9.3:
  version "2.9.3"
  resolved "https://registry.yarnpkg.com/colord/-/colord-2.9.3.tgz#4f8ce919de456f1d5c1c368c307fe20f3e59fb43"
  integrity sha512-jeC1axXpnb0/2nn/Y1LPuLdgXBLH7aDcHu4KEKfqw3CUhX7ZpfBSlPKyqXE6btIgEzfWtrX3/tyBCaCvXvMkOw==

earcut@^2.2.4:
  version "2.2.4"
  resolved "https://registry.yarnpkg.com/earcut/-/earcut-2.2.4.tgz#6d02fd4d68160c114825d06890a92ecaae60343a"
  integrity sha512-/pjZsA1b4RPHbeWZQn66SWS8nZZWLQQ23oE3Eam7aroEFGEvwKAsJfZ9ytiEMycfzXWpca4FA9QIOehf7PocBQ==

esbuild@^0.17.5:
  version "0.17.13"
  resolved "https://registry.yarnpkg.com/esbuild/-/esbuild-0.17.13.tgz#463066919a5567e8d1f4781004129da7fc8774b6"
  integrity sha512-4ixMwdErBcQHgTBeoxnowENCPKWFAGxgTyKHMK8gqn9sZaC7ZNWFKtim16g2rzQ2b/FYyy3lIUUJboFtjolhqg==
  optionalDependencies:
    "@esbuild/android-arm" "0.17.13"
    "@esbuild/android-arm64" "0.17.13"
    "@esbuild/android-x64" "0.17.13"
    "@esbuild/darwin-arm64" "0.17.13"
    "@esbuild/darwin-x64" "0.17.13"
    "@esbuild/freebsd-arm64" "0.17.13"
    "@esbuild/freebsd-x64" "0.17.13"
    "@esbuild/linux-arm" "0.17.13"
    "@esbuild/linux-arm64" "0.17.13"
    "@esbuild/linux-ia32" "0.17.13"
    "@esbuild/linux-loong64" "0.17.13"
    "@esbuild/linux-mips64el" "0.17.13"
    "@esbuild/linux-ppc64" "0.17.13"
    "@esbuild/linux-riscv64" "0.17.13"
    "@esbuild/linux-s390x" "0.17.13"
    "@esbuild/linux-x64" "0.17.13"
    "@esbuild/netbsd-x64" "0.17.13"
    "@esbuild/openbsd-x64" "0.17.13"
    "@esbuild/sunos-x64" "0.17.13"
    "@esbuild/win32-arm64" "0.17.13"
    "@esbuild/win32-ia32" "0.17.13"
    "@esbuild/win32-x64" "0.17.13"

eventemitter3@^4.0.0:
  version "4.0.7"
  resolved "https://registry.yarnpkg.com/eventemitter3/-/eventemitter3-4.0.7.tgz#2de9b68f6528d5644ef5c59526a1b4a07306169f"
  integrity sha512-8guHBZCwKnFhYdHr2ysuRWErTwhoN2X8XELRlrRwpmfeY2jjuUN4taQMsULKUVo1K4DvZl+0pgfyoysHxvmvEw==

fsevents@~2.3.2:
  version "2.3.2"
  resolved "https://registry.yarnpkg.com/fsevents/-/fsevents-2.3.2.tgz#8a526f78b8fdf4623b709e0b975c52c24c02fd1a"
  integrity sha512-xiqMQR4xAeHTuB9uWm+fFRcIOgKBMiOBP+eXiyT7jsgVCq1bkVygt00oASowB7EdtpOHaaPgKt812P9ab+DDKA==

function-bind@^1.1.1:
  version "1.1.1"
  resolved "https://registry.yarnpkg.com/function-bind/-/function-bind-1.1.1.tgz#a56899d3ea3c9bab874bb9773b7c5ede92f4895d"
  integrity sha512-yIovAzMX49sF8Yl58fSCWJ5svSLuaibPxXQJFLmBObTuCr0Mf1KiPopGM9NiFjiYBCbfaa2Fh6breQ6ANVTI0A==

has@^1.0.3:
  version "1.0.3"
  resolved "https://registry.yarnpkg.com/has/-/has-1.0.3.tgz#722d7cbfc1f6aa8241f16dd814e011e1f41e8796"
  integrity sha512-f2dvO0VU6Oej7RkWJGrehjbzMAjFp5/VKPp5tTpWIV4JHHZK1/BxbFRtf/siA2SWTe09caDmVtYYzWEIbBS4zw==
  dependencies:
    function-bind "^1.1.1"

is-core-module@^2.9.0:
  version "2.11.0"
  resolved "https://registry.yarnpkg.com/is-core-module/-/is-core-module-2.11.0.tgz#ad4cb3e3863e814523c96f3f58d26cc570ff0144"
  integrity sha512-RRjxlvLDkD1YJwDbroBHMb+cukurkDWNyHx7D3oNB5x9rb5ogcksMC5wHCadcXoo67gVr/+3GFySh3134zi6rw==
  dependencies:
    has "^1.0.3"

ismobilejs@^1.1.0:
  version "1.1.1"
  resolved "https://registry.yarnpkg.com/ismobilejs/-/ismobilejs-1.1.1.tgz#c56ca0ae8e52b24ca0f22ba5ef3215a2ddbbaa0e"
  integrity sha512-VaFW53yt8QO61k2WJui0dHf4SlL8lxBofUuUmwBo0ljPk0Drz2TiuDW4jo3wDcv41qy/SxrJ+VAzJ/qYqsmzRw==

nanoid@^3.3.4:
  version "3.3.4"
  resolved "https://registry.yarnpkg.com/nanoid/-/nanoid-3.3.4.tgz#730b67e3cd09e2deacf03c027c81c9d9dbc5e8ab"
  integrity sha512-MqBkQh/OHTS2egovRtLk45wEyNXwF+cokD+1YPf9u5VfJiRdAiRwB2froX5Co9Rh20xs4siNPm8naNotSD6RBw==

path-parse@^1.0.7:
  version "1.0.7"
  resolved "https://registry.yarnpkg.com/path-parse/-/path-parse-1.0.7.tgz#fbc114b60ca42b30d9daf5858e4bd68bbedb6735"
  integrity sha512-LDJzPVEEEPR+y48z93A0Ed0yXb8pAByGWo/k5YYdYgpY2/2EsOsksJrq7lOHxryrVOn1ejG6oAp8ahvOIQD8sw==

picocolors@^1.0.0:
  version "1.0.0"
  resolved "https://registry.yarnpkg.com/picocolors/-/picocolors-1.0.0.tgz#cb5bdc74ff3f51892236eaf79d68bc44564ab81c"
  integrity sha512-1fygroTLlHu66zi26VoTDv8yRgm0Fccecssto+MhsZ0D/DGW2sm8E8AjW7NU5VVTRt5GxbeZ5qBuJr+HyLYkjQ==

pixi.js@^7.2.3:
  version "7.2.3"
  resolved "https://registry.yarnpkg.com/pixi.js/-/pixi.js-7.2.3.tgz#2756f32887e156ddf89876718ab08acc49bf0e1e"
  integrity sha512-eYWCV+UeVdRnn3zIxgHXdetVv8EQ8veccvu0z06QM9fUa37+D2Jm7Vp3F+ox9E9RLmoNVhlezAIUaSG4m3BN3A==
  dependencies:
    "@pixi/accessibility" "7.2.3"
    "@pixi/app" "7.2.3"
    "@pixi/assets" "7.2.3"
    "@pixi/compressed-textures" "7.2.3"
    "@pixi/core" "7.2.3"
    "@pixi/display" "7.2.3"
    "@pixi/events" "7.2.3"
    "@pixi/extensions" "7.2.3"
    "@pixi/extract" "7.2.3"
    "@pixi/filter-alpha" "7.2.3"
    "@pixi/filter-blur" "7.2.3"
    "@pixi/filter-color-matrix" "7.2.3"
    "@pixi/filter-displacement" "7.2.3"
    "@pixi/filter-fxaa" "7.2.3"
    "@pixi/filter-noise" "7.2.3"
    "@pixi/graphics" "7.2.3"
    "@pixi/mesh" "7.2.3"
    "@pixi/mesh-extras" "7.2.3"
    "@pixi/mixin-cache-as-bitmap" "7.2.3"
    "@pixi/mixin-get-child-by-name" "7.2.3"
    "@pixi/mixin-get-global-position" "7.2.3"
    "@pixi/particle-container" "7.2.3"
    "@pixi/prepare" "7.2.3"
    "@pixi/sprite" "7.2.3"
    "@pixi/sprite-animated" "7.2.3"
    "@pixi/sprite-tiling" "7.2.3"
    "@pixi/spritesheet" "7.2.3"
    "@pixi/text" "7.2.3"
    "@pixi/text-bitmap" "7.2.3"
    "@pixi/text-html" "7.2.3"

postcss@^8.4.21:
  version "8.4.21"
  resolved "https://registry.yarnpkg.com/postcss/-/postcss-8.4.21.tgz#c639b719a57efc3187b13a1d765675485f4134f4"
  integrity sha512-tP7u/Sn/dVxK2NnruI4H9BG+x+Wxz6oeZ1cJ8P6G/PZY0IKk4k/63TDsQf2kQq3+qoJeLm2kIBUNlZe3zgb4Zg==
  dependencies:
    nanoid "^3.3.4"
    picocolors "^1.0.0"
    source-map-js "^1.0.2"

punycode@1.3.2:
  version "1.3.2"
  resolved "https://registry.yarnpkg.com/punycode/-/punycode-1.3.2.tgz#9653a036fb7c1ee42342f2325cceefea3926c48d"
  integrity sha512-RofWgt/7fL5wP1Y7fxE7/EmTLzQVnB0ycyibJ0OOHIlJqTNzglYFxVwETOcIoJqJmpDXJ9xImDv+Fq34F/d4Dw==

querystring@0.2.0:
  version "0.2.0"
  resolved "https://registry.yarnpkg.com/querystring/-/querystring-0.2.0.tgz#b209849203bb25df820da756e747005878521620"
  integrity sha512-X/xY82scca2tau62i9mDyU9K+I+djTMUsvwf7xnUX5GLvVzgJybOJf4Y6o9Zx3oJK/LSXg5tTZBjwzqVPaPO2g==

resolve@^1.22.1:
  version "1.22.1"
  resolved "https://registry.yarnpkg.com/resolve/-/resolve-1.22.1.tgz#27cb2ebb53f91abb49470a928bba7558066ac177"
  integrity sha512-nBpuuYuY5jFsli/JIs1oldw6fOQCBioohqWZg/2hiaOybXOft4lonv85uDOKXdf8rhyK159cxU5cDcK/NKk8zw==
  dependencies:
    is-core-module "^2.9.0"
    path-parse "^1.0.7"
    supports-preserve-symlinks-flag "^1.0.0"

rollup@^3.18.0:
  version "3.20.2"
  resolved "https://registry.yarnpkg.com/rollup/-/rollup-3.20.2.tgz#f798c600317f216de2e4ad9f4d9ab30a89b690ff"
  integrity sha512-3zwkBQl7Ai7MFYQE0y1MeQ15+9jsi7XxfrqwTb/9EK8D9C9+//EBR4M+CuA1KODRaNbFez/lWxA5vhEGZp4MUg==
  optionalDependencies:
    fsevents "~2.3.2"

source-map-js@^1.0.2:
  version "1.0.2"
  resolved "https://registry.yarnpkg.com/source-map-js/-/source-map-js-1.0.2.tgz#adbc361d9c62df380125e7f161f71c826f1e490c"
  integrity sha512-R0XvVJ9WusLiqTCEiGCmICCMplcCkIwwR11mOSD9CR5u+IXYdiseeEuXCVAjS54zqwkLcPNnmU4OeJ6tUrWhDw==

supports-preserve-symlinks-flag@^1.0.0:
  version "1.0.0"
  resolved "https://registry.yarnpkg.com/supports-preserve-symlinks-flag/-/supports-preserve-symlinks-flag-1.0.0.tgz#6eda4bd344a3c94aea376d4cc31bc77311039e09"
  integrity sha512-ot0WnXS9fgdkgIcePe6RHNk1WA8+muPa6cSjeR3V8K27q9BB1rTE3R1p7Hv0z1ZyAc8s6Vvv8DIyWf681MAt0w==

typescript@^4.9.3:
  version "4.9.5"
  resolved "https://registry.yarnpkg.com/typescript/-/typescript-4.9.5.tgz#095979f9bcc0d09da324d58d03ce8f8374cbe65a"
  integrity sha512-1FXk9E2Hm+QzZQ7z+McJiHL4NW1F2EzMu9Nq9i3zAaGqibafqYwCVU6WyWAuyQRRzOlxou8xZSyXLEN8oKj24g==

url@^0.11.0:
  version "0.11.0"
  resolved "https://registry.yarnpkg.com/url/-/url-0.11.0.tgz#3838e97cfc60521eb73c525a8e55bfdd9e2e28f1"
  integrity sha512-kbailJa29QrtXnxgq+DdCEGlbTeYM2eJUxsz6vjZavrCYPMIFHMKQmSKYAIuUK2i7hgPm28a8piX5NTUtM/LKQ==
  dependencies:
    punycode "1.3.2"
    querystring "0.2.0"

vite@^4.2.0:
  version "4.2.1"
  resolved "https://registry.yarnpkg.com/vite/-/vite-4.2.1.tgz#6c2eb337b0dfd80a9ded5922163b94949d7fc254"
  integrity sha512-7MKhqdy0ISo4wnvwtqZkjke6XN4taqQ2TBaTccLIpOKv7Vp2h4Y+NpmWCnGDeSvvn45KxvWgGyb0MkHvY1vgbg==
  dependencies:
    esbuild "^0.17.5"
    postcss "^8.4.21"
    resolve "^1.22.1"
    rollup "^3.18.0"
  optionalDependencies:
    fsevents "~2.3.2"
